<?xml version="1.0" encoding="utf-8"?>
<Project ToolsVersion="4.0" xmlns="http://schemas.microsoft.com/developer/msbuild/2003">
  <ItemGroup>
    <Filter Include="소스 파일">
      <UniqueIdentifier>{4FC737F1-C7A5-4376-A066-2A32D752A2FF}</UniqueIdentifier>
      <Extensions>cpp;c;cc;cxx;c++;cppm;ixx;def;odl;idl;hpj;bat;asm;asmx</Extensions>
    </Filter>
    <Filter Include="헤더 파일">
      <UniqueIdentifier>{93995380-89BD-4b04-88EB-625FBE52EBFB}</UniqueIdentifier>
      <Extensions>h;hh;hpp;hxx;h++;hm;inl;inc;ipp;xsd</Extensions>
    </Filter>
    <Filter Include="리소스 파일">
      <UniqueIdentifier>{67DA6AB6-F800-4c08-8B7A-83BB121AAD01}</UniqueIdentifier>
      <Extensions>rc;ico;cur;bmp;dlg;rc2;rct;bin;rgs;gif;jpg;jpeg;jpe;resx;tiff;tif;png;wav;mfcribbon-ms</Extensions>
    </Filter>
  </ItemGroup>
  <ItemGroup>
    <ClCompile Include="eratosthenes.cpp">
      <Filter>소스 파일</Filter>
    </ClCompile>
    <ClCompile Include="GRADUATION.cpp">
      <Filter>소스 파일</Filter>
    </ClCompile>
    <ClCompile Include="partialSum.cpp">
      <Filter>헤더 파일</Filter>
    </ClCompile>
    <ClCompile Include="CHRISTMAS.cpp">
      <Filter>소스 파일</Filter>
    </ClCompile>
    <ClCompile Include="JOSEPHUS.cpp">
      <Filter>소스 파일</Filter>
    </ClCompile>
    <ClCompile Include="BRACKETS2.cpp">
      <Filter>소스 파일</Filter>
    </ClCompile>
    <ClCompile Include="ITES.cpp">
      <Filter>소스 파일</Filter>
    </ClCompile>
    <ClCompile Include="kmp.cpp">
      <Filter>헤더 파일</Filter>
    </ClCompile>
    <ClCompile Include="JAEHASAFE.cpp">
      <Filter>소스 파일</Filter>
    </ClCompile>
    <ClCompile Include="suffix.cpp">
      <Filter>헤더 파일</Filter>
    </ClCompile>
    <ClCompile Include="HABIT.cpp">
      <Filter>소스 파일</Filter>
    </ClCompile>
    <ClCompile Include="TRAVERSAL.cpp">
      <Filter>소스 파일</Filter>
    </ClCompile>
    <ClCompile Include="FORTRESS.cpp">
      <Filter>소스 파일</Filter>
    </ClCompile>
    <ClCompile Include="NERD2.cpp">
      <Filter>소스 파일</Filter>
    </ClCompile>
    <ClCompile Include="Treap.cpp">
      <Filter>헤더 파일</Filter>
    </ClCompile>
    <ClCompile Include="INSERTION.cpp">
      <Filter>소스 파일</Filter>
    </ClCompile>
    <ClCompile Include="RUNNINGMEDIAN.cpp">
      <Filter>소스 파일</Filter>
    </ClCompile>
    <ClCompile Include="RMQ.cpp">
      <Filter>헤더 파일</Filter>
    </ClCompile>
    <ClCompile Include="MORDOR.cpp">
      <Filter>소스 파일</Filter>
    </ClCompile>
    <ClCompile Include="FAMILYTREE.cpp">
      <Filter>소스 파일</Filter>
    </ClCompile>
    <ClCompile Include="FenwickTree.cpp">
      <Filter>헤더 파일</Filter>
    </ClCompile>
    <ClCompile Include="MEASURETIME.cpp">
      <Filter>소스 파일</Filter>
    </ClCompile>
    <ClCompile Include="DisjointSet.cpp">
      <Filter>헤더 파일</Filter>
    </ClCompile>
    <ClCompile Include="EDITORWARS.cpp">
      <Filter>소스 파일</Filter>
    </ClCompile>
    <ClCompile Include="trie.cpp">
      <Filter>헤더 파일</Filter>
    </ClCompile>
    <ClCompile Include="SOLONG.cpp">
      <Filter>소스 파일</Filter>
    </ClCompile>
    <ClCompile Include="DICTOINARY.cpp">
      <Filter>소스 파일</Filter>
    </ClCompile>
    <ClCompile Include="eulerian circuit.cpp">
      <Filter>소스 파일</Filter>
    </ClCompile>
    <ClCompile Include="WORDCHAIN.cpp">
      <Filter>소스 파일</Filter>
    </ClCompile>
    <ClCompile Include="WORDCHAIN_sol.cpp">
      <Filter>소스 파일</Filter>
    </ClCompile>
    <ClCompile Include="dfs2.cpp">
      <Filter>헤더 파일</Filter>
    </ClCompile>
    <ClCompile Include="tarjanSCC.cpp">
      <Filter>헤더 파일</Filter>
    </ClCompile>
    <ClCompile Include="GALLERY.cpp">
      <Filter>소스 파일</Filter>
    </ClCompile>
    <ClCompile Include="MEETINGROOM.cpp">
      <Filter>소스 파일</Filter>
    </ClCompile>
    <ClCompile Include="BFS.cpp">
      <Filter>헤더 파일</Filter>
    </ClCompile>
    <ClCompile Include="SORTGAME.cpp">
      <Filter>소스 파일</Filter>
    </ClCompile>
    <ClCompile Include="CHILDRENDAY.cpp">
      <Filter>소스 파일</Filter>
    </ClCompile>
    <ClCompile Include="HANOI4B.cpp">
      <Filter>소스 파일</Filter>
    </ClCompile>
    <ClCompile Include="dijkstra.cpp">
      <Filter>헤더 파일</Filter>
    </ClCompile>
    <ClCompile Include="ROUTING.cpp">
      <Filter>소스 파일</Filter>
    </ClCompile>
    <ClCompile Include="FIRETRUCKS.cpp">
      <Filter>소스 파일</Filter>
    </ClCompile>
    <ClCompile Include="NTHLON.cpp">
      <Filter>소스 파일</Filter>
    </ClCompile>
    <ClCompile Include="bellmanFord.cpp">
      <Filter>헤더 파일</Filter>
    </ClCompile>
    <ClCompile Include="TIMETRIP.cpp">
      <Filter>소스 파일</Filter>
    </ClCompile>
    <ClCompile Include="floyd.cpp">
      <Filter>헤더 파일</Filter>
    </ClCompile>
    <ClCompile Include="DRUNKEN.cpp">
      <Filter>소스 파일</Filter>
    </ClCompile>
    <ClCompile Include="PROMISES.cpp">
      <Filter>소스 파일</Filter>
    </ClCompile>
    <ClCompile Include="kruskal.cpp">
      <Filter>헤더 파일</Filter>
    </ClCompile>
    <ClCompile Include="prim.cpp">
      <Filter>헤더 파일</Filter>
    </ClCompile>
    <ClCompile Include="LAN.cpp">
      <Filter>소스 파일</Filter>
    </ClCompile>
    <ClCompile Include="flow_network.cpp">
      <Filter>헤더 파일</Filter>
    </ClCompile>
    <ClCompile Include="MATCHFIX.cpp">
      <Filter>소스 파일</Filter>
    </ClCompile>
    <ClCompile Include="PROJECTS.cpp">
      <Filter>소스 파일</Filter>
    </ClCompile>
  </ItemGroup>
</Project>